
Microsoft Visual Studio Solution File, Format Version 12.00
# Visual Studio 15
VisualStudioVersion = 15.0.27428.2043
MinimumVisualStudioVersion = 10.0.40219.1
Project("{FAE04EC0-301F-11D3-BF4B-00C04F79EFBC}") = "Gradnik_Web", "Gradnik_Web\Gradnik_Web.csproj", "{62EB545B-A234-4C4B-8205-4834BB5D2914}"
EndProject
Project("{FAE04EC0-301F-11D3-BF4B-00C04F79EFBC}") = "Gradnik_Data", "Gradnik_Data\Gradnik_Data.csproj", "{BAB89FAE-B221-4D84-BE25-E2B38EF57CA1}"
EndProject
Project("{FAE04EC0-301F-11D3-BF4B-00C04F79EFBC}") = "Gradnik_Api", "Gradnik_Api\Gradnik_Api.csproj", "{10FA190F-F3DD-4717-9D4E-DF2C977C2066}"
EndProject
Global
	GlobalSection(SolutionConfigurationPlatforms) = preSolution
		Debug|Any CPU = Debug|Any CPU
		Release|Any CPU = Release|Any CPU
	EndGlobalSection
	GlobalSection(ProjectConfigurationPlatforms) = postSolution
		{62EB545B-A234-4C4B-8205-4834BB5D2914}.Debug|Any CPU.ActiveCfg = Debug|Any CPU
		{62EB545B-A234-4C4B-8205-4834BB5D2914}.Debug|Any CPU.Build.0 = Debug|Any CPU
		{62EB545B-A234-4C4B-8205-4834BB5D2914}.Release|Any CPU.ActiveCfg = Release|Any CPU
		{62EB545B-A234-4C4B-8205-4834BB5D2914}.Release|Any CPU.Build.0 = Release|Any CPU
		{BAB89FAE-B221-4D84-BE25-E2B38EF57CA1}.Debug|Any CPU.ActiveCfg = Debug|Any CPU
		{BAB89FAE-B221-4D84-BE25-E2B38EF57CA1}.Debug|Any CPU.Build.0 = Debug|Any CPU
		{BAB89FAE-B221-4D84-BE25-E2B38EF57CA1}.Release|Any CPU.ActiveCfg = Release|Any CPU
		{BAB89FAE-B221-4D84-BE25-E2B38EF57CA1}.Release|Any CPU.Build.0 = Release|Any CPU
		{10FA190F-F3DD-4717-9D4E-DF2C977C2066}.Debug|Any CPU.ActiveCfg = Debug|Any CPU
		{10FA190F-F3DD-4717-9D4E-DF2C977C2066}.Debug|Any CPU.Build.0 = Debug|Any CPU
		{10FA190F-F3DD-4717-9D4E-DF2C977C2066}.Release|Any CPU.ActiveCfg = Release|Any CPU
		{10FA190F-F3DD-4717-9D4E-DF2C977C2066}.Release|Any CPU.Build.0 = Release|Any CPU
	EndGlobalSection
	GlobalSection(SolutionProperties) = preSolution
		HideSolutionNode = FALSE
	EndGlobalSection
	GlobalSection(ExtensibilityGlobals) = postSolution
		SolutionGuid = {29993DCB-02E0-47AD-A4ED-A788B0185111}
	EndGlobalSection
EndGlobal
